
Microsoft Visual Studio Solution File, Format Version 12.00
# Visual Studio Version 16
VisualStudioVersion = 16.0.32802.399
MinimumVisualStudioVersion = 10.0.40219.1
Project("{FAE04EC0-301F-11D3-BF4B-00C04F79EFBC}") = "Felsökning", "Felsökning.csproj", "{F9428FBD-128E-4EDC-891E-9370E8A89282}"
EndProject
Global
	GlobalSection(SolutionConfigurationPlatforms) = preSolution
		Debug|Any CPU = Debug|Any CPU
		Release|Any CPU = Release|Any CPU
	EndGlobalSection
	GlobalSection(ProjectConfigurationPlatforms) = postSolution
		{F9428FBD-128E-4EDC-891E-9370E8A89282}.Debug|Any CPU.ActiveCfg = Debug|Any CPU
		{F9428FBD-128E-4EDC-891E-9370E8A89282}.Debug|Any CPU.Build.0 = Debug|Any CPU
		{F9428FBD-128E-4EDC-891E-9370E8A89282}.Release|Any CPU.ActiveCfg = Release|Any CPU
		{F9428FBD-128E-4EDC-891E-9370E8A89282}.Release|Any CPU.Build.0 = Release|Any CPU
	EndGlobalSection
	GlobalSection(SolutionProperties) = preSolution
		HideSolutionNode = FALSE
	EndGlobalSection
	GlobalSection(ExtensibilityGlobals) = postSolution
		SolutionGuid = {EB3F1396-F612-4655-A936-960C6E263A88}
	EndGlobalSection
EndGlobal
